
Microsoft Visual Studio Solution File, Format Version 12.00
Project("{FAE04EC0-301F-11D3-BF4B-00C04F79EFBC}") = "Keep-on-Rolling", "Keep-on-Rolling\Keep-on-Rolling.csproj", "{C2B733CD-977E-4859-ABEE-8CD7B2117BCB}"
EndProject
Global
	GlobalSection(SolutionConfigurationPlatforms) = preSolution
		Debug|Any CPU = Debug|Any CPU
		Release|Any CPU = Release|Any CPU
	EndGlobalSection
	GlobalSection(ProjectConfigurationPlatforms) = postSolution
		{C2B733CD-977E-4859-ABEE-8CD7B2117BCB}.Debug|Any CPU.ActiveCfg = Debug|Any CPU
		{C2B733CD-977E-4859-ABEE-8CD7B2117BCB}.Debug|Any CPU.Build.0 = Debug|Any CPU
		{C2B733CD-977E-4859-ABEE-8CD7B2117BCB}.Release|Any CPU.ActiveCfg = Release|Any CPU
		{C2B733CD-977E-4859-ABEE-8CD7B2117BCB}.Release|Any CPU.Build.0 = Release|Any CPU
	EndGlobalSection
EndGlobal
